
Microsoft Visual Studio Solution File, Format Version 12.00
# Visual Studio Version 16
VisualStudioVersion = 25.0.1706.8
MinimumVisualStudioVersion = 10.0.40219.1
Project("{FAE04EC0-301F-11D3-BF4B-00C04F79EFBC}") = "que_1", "lab_sheet3\que_1.csproj", "{4FEE8F64-6DB8-404F-B1F7-B231C6C23036}"
EndProject
Project("{FAE04EC0-301F-11D3-BF4B-00C04F79EFBC}") = "que_2", "que_2\que_2.csproj", "{97157CFF-1184-4EB1-AD6B-4612D45CC5D0}"
EndProject
Global
	GlobalSection(SolutionConfigurationPlatforms) = preSolution
		Debug|Any CPU = Debug|Any CPU
		Release|Any CPU = Release|Any CPU
	EndGlobalSection
	GlobalSection(ProjectConfigurationPlatforms) = postSolution
		{4FEE8F64-6DB8-404F-B1F7-B231C6C23036}.Debug|Any CPU.ActiveCfg = Debug|Any CPU
		{4FEE8F64-6DB8-404F-B1F7-B231C6C23036}.Debug|Any CPU.Build.0 = Debug|Any CPU
		{4FEE8F64-6DB8-404F-B1F7-B231C6C23036}.Release|Any CPU.ActiveCfg = Release|Any CPU
		{4FEE8F64-6DB8-404F-B1F7-B231C6C23036}.Release|Any CPU.Build.0 = Release|Any CPU
		{97157CFF-1184-4EB1-AD6B-4612D45CC5D0}.Debug|Any CPU.ActiveCfg = Debug|Any CPU
		{97157CFF-1184-4EB1-AD6B-4612D45CC5D0}.Debug|Any CPU.Build.0 = Debug|Any CPU
		{97157CFF-1184-4EB1-AD6B-4612D45CC5D0}.Release|Any CPU.ActiveCfg = Release|Any CPU
		{97157CFF-1184-4EB1-AD6B-4612D45CC5D0}.Release|Any CPU.Build.0 = Release|Any CPU
	EndGlobalSection
	GlobalSection(SolutionProperties) = preSolution
		HideSolutionNode = FALSE
	EndGlobalSection
	GlobalSection(ExtensibilityGlobals) = postSolution
		SolutionGuid = {89C0E27D-710A-454B-B7DF-107BA728E137}
	EndGlobalSection
EndGlobal
